schema: '2.0'
stages:
  data_ingestion:
    cmd: python3 src/data_ingestion.py
    deps:
    - path: src/data_ingestion.py
      hash: md5
      md5: 0034869d23825cce3e90074c63a4aea8
      size: 3527
    params:
      params.yaml:
        data_ingestion.test_size: 0.15
    outs:
    - path: data/raw
      hash: md5
      md5: 97961f893362ed56dad75426638e8648.dir
      size: 479272
      nfiles: 2
  data_preprocessing:
    cmd: python3 src/data_preprocessing.py
    deps:
    - path: data/raw
      hash: md5
      md5: 97961f893362ed56dad75426638e8648.dir
      size: 479272
      nfiles: 2
    - path: src/data_preprocessing.py
      hash: md5
      md5: f37d8b31eeee863f681ff655a7d8ddac
      size: 3944
    outs:
    - path: data/interim
      hash: md5
      md5: 5a09c6cf2fe8256555852d2f39ac22e9.dir
      size: 253920
      nfiles: 2
  feature_engineering:
    cmd: python3 src/feature_engineering.py
    deps:
    - path: data/interim
      hash: md5
      md5: 5a09c6cf2fe8256555852d2f39ac22e9.dir
      size: 253920
      nfiles: 2
    - path: src/feature_engineering.py
      hash: md5
      md5: dc3b0af3d28510ef0df759cdc6160c64
      size: 3795
    params:
      params.yaml:
        feature_engineering.max_features: 45
    outs:
    - path: data/processed
      hash: md5
      md5: 1e3910c48c80196b0a81182bac385cab.dir
      size: 1057224
      nfiles: 2
  model_building:
    cmd: python3 src/model_building.py
    deps:
    - path: data/processed
      hash: md5
      md5: 1e3910c48c80196b0a81182bac385cab.dir
      size: 1057224
      nfiles: 2
    - path: src/model_building.py
      hash: md5
      md5: 72040ba482cfdee1b42d46c22193db1f
      size: 4346
    params:
      params.yaml:
        model_building.n_estimators: 22
        model_building.random_state: 2
    outs:
    - path: models/model.pkl
      hash: md5
      md5: 7a5cccd02b8e09a467c5add6272c418a
      size: 890118
  model_evaluation:
    cmd: python3 src/model_evaluation.py
    deps:
    - path: models/model.pkl
      hash: md5
      md5: 7a5cccd02b8e09a467c5add6272c418a
      size: 890118
    - path: src/model_evaluation.py
      hash: md5
      md5: 3e457bd0f110829e621275ea61a85549
      size: 3600
    outs:
    - path: reports/metrics.json
      hash: md5
      md5: f9a1b94cfec87d3c754e93bb4fdf8814
      size: 125
